# This file is automatically @generated by Cargo.
# It is not intended for manual editing.
[[package]]
name = "memchr"
version = "2.3.0"
source = "registry+https://github.com/rust-lang/crates.io-index"

[[package]]
name = "omnom"
version = "3.0.0"
source = "registry+https://github.com/rust-lang/crates.io-index"
dependencies = [
 "memchr 2.3.0 (registry+https://github.com/rust-lang/crates.io-index)",
]

[[package]]
name = "ue3"
version = "0.1.0"
dependencies = [
 "omnom 3.0.0 (registry+https://github.com/rust-lang/crates.io-index)",
]

[metadata]
"checksum memchr 2.3.0 (registry+https://github.com/rust-lang/crates.io-index)" = "3197e20c7edb283f87c071ddfc7a2cca8f8e0b888c242959846a6fce03c72223"
"checksum omnom 3.0.0 (registry+https://github.com/rust-lang/crates.io-index)" = "66562a92c66d5937e9d549597c2d3cafe3d2367dd08dc257da730587c2cfc218"
